
Microsoft Visual Studio Solution File, Format Version 12.00
# Visual Studio Version 17
VisualStudioVersion = 17.0.32014.148
MinimumVisualStudioVersion = 10.0.40219.1
Project("{FAE04EC0-301F-11D3-BF4B-00C04F79EFBC}") = "CompanyApi", "CompanyApi\CompanyApi.csproj", "{025A81C3-7508-418A-A05D-C53D9B4F5074}"
EndProject
Global
	GlobalSection(SolutionConfigurationPlatforms) = preSolution
		Debug|Any CPU = Debug|Any CPU
		Release|Any CPU = Release|Any CPU
	EndGlobalSection
	GlobalSection(ProjectConfigurationPlatforms) = postSolution
		{025A81C3-7508-418A-A05D-C53D9B4F5074}.Debug|Any CPU.ActiveCfg = Debug|Any CPU
		{025A81C3-7508-418A-A05D-C53D9B4F5074}.Debug|Any CPU.Build.0 = Debug|Any CPU
		{025A81C3-7508-418A-A05D-C53D9B4F5074}.Release|Any CPU.ActiveCfg = Release|Any CPU
		{025A81C3-7508-418A-A05D-C53D9B4F5074}.Release|Any CPU.Build.0 = Release|Any CPU
	EndGlobalSection
	GlobalSection(SolutionProperties) = preSolution
		HideSolutionNode = FALSE
	EndGlobalSection
	GlobalSection(ExtensibilityGlobals) = postSolution
		SolutionGuid = {11984223-194C-4317-A476-F0F4A1C90812}
	EndGlobalSection
EndGlobal
